
Microsoft Visual Studio Solution File, Format Version 12.00
# Visual Studio 15
VisualStudioVersion = 15.0.28307.421
MinimumVisualStudioVersion = 10.0.40219.1
Project("{FAE04EC0-301F-11D3-BF4B-00C04F79EFBC}") = "KSP Controller", "KSP Controller\KSP Controller.csproj", "{841A5998-538A-47DC-9FC3-492968BB5101}"
EndProject
Global
	GlobalSection(SolutionConfigurationPlatforms) = preSolution
		Debug|Any CPU = Debug|Any CPU
		Release|Any CPU = Release|Any CPU
	EndGlobalSection
	GlobalSection(ProjectConfigurationPlatforms) = postSolution
		{841A5998-538A-47DC-9FC3-492968BB5101}.Debug|Any CPU.ActiveCfg = Debug|Any CPU
		{841A5998-538A-47DC-9FC3-492968BB5101}.Debug|Any CPU.Build.0 = Debug|Any CPU
		{841A5998-538A-47DC-9FC3-492968BB5101}.Release|Any CPU.ActiveCfg = Release|Any CPU
		{841A5998-538A-47DC-9FC3-492968BB5101}.Release|Any CPU.Build.0 = Release|Any CPU
	EndGlobalSection
	GlobalSection(SolutionProperties) = preSolution
		HideSolutionNode = FALSE
	EndGlobalSection
	GlobalSection(ExtensibilityGlobals) = postSolution
		SolutionGuid = {B34F9260-C652-4EE5-AD52-D64D379BDFB3}
	EndGlobalSection
EndGlobal
